
Microsoft Visual Studio Solution File, Format Version 12.00
# Visual Studio Version 16
VisualStudioVersion = 16.0.29905.134
MinimumVisualStudioVersion = 10.0.40219.1
Project("{FAE04EC0-301F-11D3-BF4B-00C04F79EFBC}") = "AdventureGame", "AdventureGame\AdventureGame.csproj", "{D699A06C-95C0-4A6B-8DB1-57CC1D6EB6CF}"
EndProject
Global
	GlobalSection(SolutionConfigurationPlatforms) = preSolution
		Debug|Any CPU = Debug|Any CPU
		Release|Any CPU = Release|Any CPU
	EndGlobalSection
	GlobalSection(ProjectConfigurationPlatforms) = postSolution
		{D699A06C-95C0-4A6B-8DB1-57CC1D6EB6CF}.Debug|Any CPU.ActiveCfg = Debug|Any CPU
		{D699A06C-95C0-4A6B-8DB1-57CC1D6EB6CF}.Debug|Any CPU.Build.0 = Debug|Any CPU
		{D699A06C-95C0-4A6B-8DB1-57CC1D6EB6CF}.Release|Any CPU.ActiveCfg = Release|Any CPU
		{D699A06C-95C0-4A6B-8DB1-57CC1D6EB6CF}.Release|Any CPU.Build.0 = Release|Any CPU
	EndGlobalSection
	GlobalSection(SolutionProperties) = preSolution
		HideSolutionNode = FALSE
	EndGlobalSection
	GlobalSection(ExtensibilityGlobals) = postSolution
		SolutionGuid = {A0898619-7DB9-4E43-B544-215E059706B6}
	EndGlobalSection
EndGlobal
